
Microsoft Visual Studio Solution File, Format Version 12.00
# Visual Studio 15
VisualStudioVersion = 15.0.28010.0
MinimumVisualStudioVersion = 10.0.40219.1
Project("{FAE04EC0-301F-11D3-BF4B-00C04F79EFBC}") = "DataEntityTier", "DataEntityTier\DataEntityTier.csproj", "{9DE75D20-FC1F-4B47-9B53-4505B219407E}"
EndProject
Project("{FAE04EC0-301F-11D3-BF4B-00C04F79EFBC}") = "DataAccessTier", "DataAccessTier\DataAccessTier.csproj", "{56900DA6-DD44-4DA9-935C-135521F818F0}"
EndProject
Project("{FAE04EC0-301F-11D3-BF4B-00C04F79EFBC}") = "DataService", "DataService\DataService.csproj", "{B456739E-7C95-451C-B1F7-44B33F9257F3}"
EndProject
Global
	GlobalSection(SolutionConfigurationPlatforms) = preSolution
		Debug|Any CPU = Debug|Any CPU
		Release|Any CPU = Release|Any CPU
	EndGlobalSection
	GlobalSection(ProjectConfigurationPlatforms) = postSolution
		{9DE75D20-FC1F-4B47-9B53-4505B219407E}.Debug|Any CPU.ActiveCfg = Debug|Any CPU
		{9DE75D20-FC1F-4B47-9B53-4505B219407E}.Debug|Any CPU.Build.0 = Debug|Any CPU
		{9DE75D20-FC1F-4B47-9B53-4505B219407E}.Release|Any CPU.ActiveCfg = Release|Any CPU
		{9DE75D20-FC1F-4B47-9B53-4505B219407E}.Release|Any CPU.Build.0 = Release|Any CPU
		{56900DA6-DD44-4DA9-935C-135521F818F0}.Debug|Any CPU.ActiveCfg = Debug|Any CPU
		{56900DA6-DD44-4DA9-935C-135521F818F0}.Debug|Any CPU.Build.0 = Debug|Any CPU
		{56900DA6-DD44-4DA9-935C-135521F818F0}.Release|Any CPU.ActiveCfg = Release|Any CPU
		{56900DA6-DD44-4DA9-935C-135521F818F0}.Release|Any CPU.Build.0 = Release|Any CPU
		{B456739E-7C95-451C-B1F7-44B33F9257F3}.Debug|Any CPU.ActiveCfg = Debug|Any CPU
		{B456739E-7C95-451C-B1F7-44B33F9257F3}.Debug|Any CPU.Build.0 = Debug|Any CPU
		{B456739E-7C95-451C-B1F7-44B33F9257F3}.Release|Any CPU.ActiveCfg = Release|Any CPU
		{B456739E-7C95-451C-B1F7-44B33F9257F3}.Release|Any CPU.Build.0 = Release|Any CPU
	EndGlobalSection
	GlobalSection(SolutionProperties) = preSolution
		HideSolutionNode = FALSE
	EndGlobalSection
	GlobalSection(ExtensibilityGlobals) = postSolution
		SolutionGuid = {1B4C6A5C-DA26-4B55-8244-4BD29F38393A}
	EndGlobalSection
EndGlobal
